
Microsoft Visual Studio Solution File, Format Version 12.00
# Visual Studio Version 16
VisualStudioVersion = 16.0.29509.3
MinimumVisualStudioVersion = 10.0.40219.1
Project("{FAE04EC0-301F-11D3-BF4B-00C04F79EFBC}") = "Epam.FinalTask", "Epam.FinalTask\Epam.FinalTask.csproj", "{83056586-44DB-423D-BA31-32BF25437AAB}"
EndProject
Project("{2150E333-8FDC-42A3-9474-1A3956D46DE8}") = "PL", "PL", "{A0085F54-80BF-465F-827A-0620673FC31B}"
EndProject
Project("{2150E333-8FDC-42A3-9474-1A3956D46DE8}") = "BLL", "BLL", "{D06B948A-CACE-4B2F-B3E9-4E22030307D5}"
EndProject
Project("{2150E333-8FDC-42A3-9474-1A3956D46DE8}") = "DAL", "DAL", "{A6BD9963-E773-4AF3-B8F7-BB6B1A0ECA69}"
EndProject
Project("{FAE04EC0-301F-11D3-BF4B-00C04F79EFBC}") = "DalContracts", "DalContracts\DalContracts.csproj", "{7C881BF9-3108-4885-AB09-C19CF5A07CCF}"
EndProject
Project("{2150E333-8FDC-42A3-9474-1A3956D46DE8}") = "Entities", "Entities", "{92E4F6AA-DC5B-4B42-A320-A19AD1AB9C5A}"
EndProject
Project("{FAE04EC0-301F-11D3-BF4B-00C04F79EFBC}") = "Entities", "Entities\Entities.csproj", "{C698CFC9-7185-4ED7-90EB-C936B455F725}"
EndProject
Project("{FAE04EC0-301F-11D3-BF4B-00C04F79EFBC}") = "SqlDal", "SqlDal\SqlDal.csproj", "{2DA836FE-F47B-4335-ACA0-8D56D07BD6C9}"
EndProject
Project("{FAE04EC0-301F-11D3-BF4B-00C04F79EFBC}") = "Logic", "LogicContracts\Logic.csproj", "{FFD4476B-D2CB-420E-B2CA-C45232FB1243}"
EndProject
Project("{FAE04EC0-301F-11D3-BF4B-00C04F79EFBC}") = "LogicContracts", "Logic\LogicContracts.csproj", "{CFBC3625-B271-47AB-ADB9-A34D7064D5B7}"
EndProject
Project("{FAE04EC0-301F-11D3-BF4B-00C04F79EFBC}") = "Loc", "Loc\Loc.csproj", "{3FFEF5E3-DCBD-418D-AF06-63CD40B1E229}"
EndProject
Project("{FAE04EC0-301F-11D3-BF4B-00C04F79EFBC}") = "Loger", "Loger\Loger.csproj", "{017505AB-DE9D-43F4-B439-B2EA9A99A2A3}"
EndProject
Global
	GlobalSection(SolutionConfigurationPlatforms) = preSolution
		Debug|Any CPU = Debug|Any CPU
		Release|Any CPU = Release|Any CPU
	EndGlobalSection
	GlobalSection(ProjectConfigurationPlatforms) = postSolution
		{83056586-44DB-423D-BA31-32BF25437AAB}.Debug|Any CPU.ActiveCfg = Debug|Any CPU
		{83056586-44DB-423D-BA31-32BF25437AAB}.Debug|Any CPU.Build.0 = Debug|Any CPU
		{83056586-44DB-423D-BA31-32BF25437AAB}.Release|Any CPU.ActiveCfg = Release|Any CPU
		{83056586-44DB-423D-BA31-32BF25437AAB}.Release|Any CPU.Build.0 = Release|Any CPU
		{7C881BF9-3108-4885-AB09-C19CF5A07CCF}.Debug|Any CPU.ActiveCfg = Debug|Any CPU
		{7C881BF9-3108-4885-AB09-C19CF5A07CCF}.Debug|Any CPU.Build.0 = Debug|Any CPU
		{7C881BF9-3108-4885-AB09-C19CF5A07CCF}.Release|Any CPU.ActiveCfg = Release|Any CPU
		{7C881BF9-3108-4885-AB09-C19CF5A07CCF}.Release|Any CPU.Build.0 = Release|Any CPU
		{C698CFC9-7185-4ED7-90EB-C936B455F725}.Debug|Any CPU.ActiveCfg = Debug|Any CPU
		{C698CFC9-7185-4ED7-90EB-C936B455F725}.Debug|Any CPU.Build.0 = Debug|Any CPU
		{C698CFC9-7185-4ED7-90EB-C936B455F725}.Release|Any CPU.ActiveCfg = Release|Any CPU
		{C698CFC9-7185-4ED7-90EB-C936B455F725}.Release|Any CPU.Build.0 = Release|Any CPU
		{2DA836FE-F47B-4335-ACA0-8D56D07BD6C9}.Debug|Any CPU.ActiveCfg = Debug|Any CPU
		{2DA836FE-F47B-4335-ACA0-8D56D07BD6C9}.Debug|Any CPU.Build.0 = Debug|Any CPU
		{2DA836FE-F47B-4335-ACA0-8D56D07BD6C9}.Release|Any CPU.ActiveCfg = Release|Any CPU
		{2DA836FE-F47B-4335-ACA0-8D56D07BD6C9}.Release|Any CPU.Build.0 = Release|Any CPU
		{FFD4476B-D2CB-420E-B2CA-C45232FB1243}.Debug|Any CPU.ActiveCfg = Debug|Any CPU
		{FFD4476B-D2CB-420E-B2CA-C45232FB1243}.Debug|Any CPU.Build.0 = Debug|Any CPU
		{FFD4476B-D2CB-420E-B2CA-C45232FB1243}.Release|Any CPU.ActiveCfg = Release|Any CPU
		{FFD4476B-D2CB-420E-B2CA-C45232FB1243}.Release|Any CPU.Build.0 = Release|Any CPU
		{CFBC3625-B271-47AB-ADB9-A34D7064D5B7}.Debug|Any CPU.ActiveCfg = Debug|Any CPU
		{CFBC3625-B271-47AB-ADB9-A34D7064D5B7}.Debug|Any CPU.Build.0 = Debug|Any CPU
		{CFBC3625-B271-47AB-ADB9-A34D7064D5B7}.Release|Any CPU.ActiveCfg = Release|Any CPU
		{CFBC3625-B271-47AB-ADB9-A34D7064D5B7}.Release|Any CPU.Build.0 = Release|Any CPU
		{3FFEF5E3-DCBD-418D-AF06-63CD40B1E229}.Debug|Any CPU.ActiveCfg = Debug|Any CPU
		{3FFEF5E3-DCBD-418D-AF06-63CD40B1E229}.Debug|Any CPU.Build.0 = Debug|Any CPU
		{3FFEF5E3-DCBD-418D-AF06-63CD40B1E229}.Release|Any CPU.ActiveCfg = Release|Any CPU
		{3FFEF5E3-DCBD-418D-AF06-63CD40B1E229}.Release|Any CPU.Build.0 = Release|Any CPU
		{017505AB-DE9D-43F4-B439-B2EA9A99A2A3}.Debug|Any CPU.ActiveCfg = Debug|Any CPU
		{017505AB-DE9D-43F4-B439-B2EA9A99A2A3}.Debug|Any CPU.Build.0 = Debug|Any CPU
		{017505AB-DE9D-43F4-B439-B2EA9A99A2A3}.Release|Any CPU.ActiveCfg = Release|Any CPU
		{017505AB-DE9D-43F4-B439-B2EA9A99A2A3}.Release|Any CPU.Build.0 = Release|Any CPU
	EndGlobalSection
	GlobalSection(SolutionProperties) = preSolution
		HideSolutionNode = FALSE
	EndGlobalSection
	GlobalSection(NestedProjects) = preSolution
		{83056586-44DB-423D-BA31-32BF25437AAB} = {A0085F54-80BF-465F-827A-0620673FC31B}
		{7C881BF9-3108-4885-AB09-C19CF5A07CCF} = {A6BD9963-E773-4AF3-B8F7-BB6B1A0ECA69}
		{C698CFC9-7185-4ED7-90EB-C936B455F725} = {92E4F6AA-DC5B-4B42-A320-A19AD1AB9C5A}
		{2DA836FE-F47B-4335-ACA0-8D56D07BD6C9} = {A6BD9963-E773-4AF3-B8F7-BB6B1A0ECA69}
		{FFD4476B-D2CB-420E-B2CA-C45232FB1243} = {D06B948A-CACE-4B2F-B3E9-4E22030307D5}
		{CFBC3625-B271-47AB-ADB9-A34D7064D5B7} = {D06B948A-CACE-4B2F-B3E9-4E22030307D5}
	EndGlobalSection
	GlobalSection(ExtensibilityGlobals) = postSolution
		SolutionGuid = {7AB5E60D-F5FB-41D1-834F-F555018D64E7}
	EndGlobalSection
EndGlobal
